// !$*UTF8*$!
{
	archiveVersion = 1;
	classes = {
	};
	objectVersion = 77;
	objects = {

/* Begin PBXBuildFile section */
		7014670C2E43D0D6000ECF98 /* EmbraceCore in Frameworks */ = {isa = PBXBuildFile; productRef = 7014670B2E43D0D6000ECF98 /* EmbraceCore */; };
		7014670E2E43D0D6000ECF98 /* EmbraceCrash in Frameworks */ = {isa = PBXBuildFile; productRef = 7014670D2E43D0D6000ECF98 /* EmbraceCrash */; };
		701467102E43D0D6000ECF98 /* EmbraceCrashlyticsSupport in Frameworks */ = {isa = PBXBuildFile; productRef = 7014670F2E43D0D6000ECF98 /* EmbraceCrashlyticsSupport */; };
		701467122E43D0D6000ECF98 /* EmbraceIO in Frameworks */ = {isa = PBXBuildFile; productRef = 701467112E43D0D6000ECF98 /* EmbraceIO */; };
		701467142E43D0D6000ECF98 /* EmbraceMacros in Frameworks */ = {isa = PBXBuildFile; productRef = 701467132E43D0D6000ECF98 /* EmbraceMacros */; };
		701467172E43D148000ECF98 /* FirebaseAI in Frameworks */ = {isa = PBXBuildFile; productRef = 701467162E43D148000ECF98 /* FirebaseAI */; };
		701467192E43D148000ECF98 /* FirebaseAnalytics in Frameworks */ = {isa = PBXBuildFile; productRef = 701467182E43D148000ECF98 /* FirebaseAnalytics */; };
		7014671B2E43D148000ECF98 /* FirebaseAnalyticsCore in Frameworks */ = {isa = PBXBuildFile; productRef = 7014671A2E43D148000ECF98 /* FirebaseAnalyticsCore */; };
		7014671D2E43D148000ECF98 /* FirebaseAnalyticsIdentitySupport in Frameworks */ = {isa = PBXBuildFile; productRef = 7014671C2E43D148000ECF98 /* FirebaseAnalyticsIdentitySupport */; };
		7014671F2E43D148000ECF98 /* FirebaseAppCheck in Frameworks */ = {isa = PBXBuildFile; productRef = 7014671E2E43D148000ECF98 /* FirebaseAppCheck */; };
		701467222E43D278000ECF98 /* Mixpanel in Frameworks */ = {isa = PBXBuildFile; productRef = 701467212E43D278000ECF98 /* Mixpanel */; };
		701467252E43D40E000ECF98 /* Stripe in Frameworks */ = {isa = PBXBuildFile; productRef = 701467242E43D40E000ECF98 /* Stripe */; };
		70DFC7E82E44082700585111 /* GoogleSignIn in Frameworks */ = {isa = PBXBuildFile; productRef = 70DFC7E72E44082700585111 /* GoogleSignIn */; };
		70DFC7EA2E44082700585111 /* GoogleSignInSwift in Frameworks */ = {isa = PBXBuildFile; productRef = 70DFC7E92E44082700585111 /* GoogleSignInSwift */; };
		AA00000100010001000AA001 /* EmbraceIO in Frameworks */ = {isa = PBXBuildFile; productRef = AA00000100010001000AA00D /* EmbraceIO */; };
		AA00000100010001000AA002 /* EmbraceCrash in Frameworks */ = {isa = PBXBuildFile; productRef = AA00000100010001000AA00E /* EmbraceCrash */; };
		AA00000100010001000AA003 /* EmbraceCore in Frameworks */ = {isa = PBXBuildFile; productRef = AA00000100010001000AA00F /* EmbraceCore */; };
/* End PBXBuildFile section */

/* Begin PBXContainerItemProxy section */
		540463152E7B366500021FF7 /* PBXContainerItemProxy */ = {
			isa = PBXContainerItemProxy;
			containerPortal = 701466EC2E43C509000ECF98 /* Project object */;
			proxyType = 1;
			remoteGlobalIDString = 701466F32E43C509000ECF98;
			remoteInfo = "Embrace Ecommerce";
		};
/* End PBXContainerItemProxy section */

/* Begin PBXFileReference section */
		5404630F2E7B366500021FF7 /* Embrace EcommerceUITests.xctest */ = {isa = PBXFileReference; explicitFileType = wrapper.cfbundle; includeInIndex = 0; path = "Embrace EcommerceUITests.xctest"; sourceTree = BUILT_PRODUCTS_DIR; };
		701466F42E43C509000ECF98 /* Embrace Ecommerce.app */ = {isa = PBXFileReference; explicitFileType = wrapper.application; includeInIndex = 0; path = "Embrace Ecommerce.app"; sourceTree = BUILT_PRODUCTS_DIR; };
		AA00000100010001000AA004 /* Embrace Ecommerce Watch.app */ = {isa = PBXFileReference; explicitFileType = wrapper.application; includeInIndex = 0; path = "Embrace Ecommerce Watch.app"; sourceTree = BUILT_PRODUCTS_DIR; };
/* End PBXFileReference section */

/* Begin PBXFileSystemSynchronizedRootGroup section */
		540463102E7B366500021FF7 /* Embrace EcommerceUITests */ = {
			isa = PBXFileSystemSynchronizedRootGroup;
			path = "Embrace EcommerceUITests";
			sourceTree = "<group>";
		};
		701466F62E43C509000ECF98 /* Embrace Ecommerce */ = {
			isa = PBXFileSystemSynchronizedRootGroup;
			path = "Embrace Ecommerce";
			sourceTree = "<group>";
		};
		AA00000100010001000AA005 /* Embrace Ecommerce Watch */ = {
			isa = PBXFileSystemSynchronizedRootGroup;
			path = "Embrace Ecommerce Watch";
			sourceTree = "<group>";
		};
/* End PBXFileSystemSynchronizedRootGroup section */

/* Begin PBXFrameworksBuildPhase section */
		5404630C2E7B366500021FF7 /* Frameworks */ = {
			isa = PBXFrameworksBuildPhase;
			buildActionMask = 2147483647;
			files = (
			);
			runOnlyForDeploymentPostprocessing = 0;
		};
		701466F12E43C509000ECF98 /* Frameworks */ = {
			isa = PBXFrameworksBuildPhase;
			buildActionMask = 2147483647;
			files = (
				701467192E43D148000ECF98 /* FirebaseAnalytics in Frameworks */,
				701467122E43D0D6000ECF98 /* EmbraceIO in Frameworks */,
				7014671D2E43D148000ECF98 /* FirebaseAnalyticsIdentitySupport in Frameworks */,
				70DFC7E82E44082700585111 /* GoogleSignIn in Frameworks */,
				701467142E43D0D6000ECF98 /* EmbraceMacros in Frameworks */,
				7014670E2E43D0D6000ECF98 /* EmbraceCrash in Frameworks */,
				701467252E43D40E000ECF98 /* Stripe in Frameworks */,
				7014670C2E43D0D6000ECF98 /* EmbraceCore in Frameworks */,
				701467102E43D0D6000ECF98 /* EmbraceCrashlyticsSupport in Frameworks */,
				70DFC7EA2E44082700585111 /* GoogleSignInSwift in Frameworks */,
				701467172E43D148000ECF98 /* FirebaseAI in Frameworks */,
				7014671F2E43D148000ECF98 /* FirebaseAppCheck in Frameworks */,
				7014671B2E43D148000ECF98 /* FirebaseAnalyticsCore in Frameworks */,
				701467222E43D278000ECF98 /* Mixpanel in Frameworks */,
			);
			runOnlyForDeploymentPostprocessing = 0;
		};
		AA00000100010001000AA006 /* Frameworks */ = {
			isa = PBXFrameworksBuildPhase;
			buildActionMask = 2147483647;
			files = (
				AA00000100010001000AA001 /* EmbraceIO in Frameworks */,
				AA00000100010001000AA002 /* EmbraceCrash in Frameworks */,
				AA00000100010001000AA003 /* EmbraceCore in Frameworks */,
			);
			runOnlyForDeploymentPostprocessing = 0;
		};
/* End PBXFrameworksBuildPhase section */

/* Begin PBXGroup section */
		701466EB2E43C509000ECF98 = {
			isa = PBXGroup;
			children = (
				701466F62E43C509000ECF98 /* Embrace Ecommerce */,
				AA00000100010001000AA005 /* Embrace Ecommerce Watch */,
				540463102E7B366500021FF7 /* Embrace EcommerceUITests */,
				701466F52E43C509000ECF98 /* Products */,
			);
			sourceTree = "<group>";
		};
		701466F52E43C509000ECF98 /* Products */ = {
			isa = PBXGroup;
			children = (
				701466F42E43C509000ECF98 /* Embrace Ecommerce.app */,
				AA00000100010001000AA004 /* Embrace Ecommerce Watch.app */,
				5404630F2E7B366500021FF7 /* Embrace EcommerceUITests.xctest */,
			);
			name = Products;
			sourceTree = "<group>";
		};
/* End PBXGroup section */

/* Begin PBXNativeTarget section */
		5404630E2E7B366500021FF7 /* Embrace EcommerceUITests */ = {
			isa = PBXNativeTarget;
			buildConfigurationList = 540463192E7B366500021FF7 /* Build configuration list for PBXNativeTarget "Embrace EcommerceUITests" */;
			buildPhases = (
				5404630B2E7B366500021FF7 /* Sources */,
				5404630C2E7B366500021FF7 /* Frameworks */,
				5404630D2E7B366500021FF7 /* Resources */,
			);
			buildRules = (
			);
			dependencies = (
				540463162E7B366500021FF7 /* PBXTargetDependency */,
			);
			fileSystemSynchronizedGroups = (
				540463102E7B366500021FF7 /* Embrace EcommerceUITests */,
			);
			name = "Embrace EcommerceUITests";
			packageProductDependencies = (
			);
			productName = "Embrace EcommerceUITests";
			productReference = 5404630F2E7B366500021FF7 /* Embrace EcommerceUITests.xctest */;
			productType = "com.apple.product-type.bundle.ui-testing";
		};
		701466F32E43C509000ECF98 /* Embrace Ecommerce */ = {
			isa = PBXNativeTarget;
			buildConfigurationList = 701466FF2E43C50A000ECF98 /* Build configuration list for PBXNativeTarget "Embrace Ecommerce" */;
			buildPhases = (
				701466F02E43C509000ECF98 /* Sources */,
				701466F12E43C509000ECF98 /* Frameworks */,
				701466F22E43C509000ECF98 /* Resources */,
			);
			buildRules = (
			);
			dependencies = (
			);
			fileSystemSynchronizedGroups = (
				701466F62E43C509000ECF98 /* Embrace Ecommerce */,
			);
			name = "Embrace Ecommerce";
			packageProductDependencies = (
				7014670B2E43D0D6000ECF98 /* EmbraceCore */,
				7014670D2E43D0D6000ECF98 /* EmbraceCrash */,
				7014670F2E43D0D6000ECF98 /* EmbraceCrashlyticsSupport */,
				701467112E43D0D6000ECF98 /* EmbraceIO */,
				701467132E43D0D6000ECF98 /* EmbraceMacros */,
				701467162E43D148000ECF98 /* FirebaseAI */,
				701467182E43D148000ECF98 /* FirebaseAnalytics */,
				7014671A2E43D148000ECF98 /* FirebaseAnalyticsCore */,
				7014671C2E43D148000ECF98 /* FirebaseAnalyticsIdentitySupport */,
				7014671E2E43D148000ECF98 /* FirebaseAppCheck */,
				701467212E43D278000ECF98 /* Mixpanel */,
				701467242E43D40E000ECF98 /* Stripe */,
				70DFC7E72E44082700585111 /* GoogleSignIn */,
				70DFC7E92E44082700585111 /* GoogleSignInSwift */,
			);
			productName = "Embrace Ecommerce";
			productReference = 701466F42E43C509000ECF98 /* Embrace Ecommerce.app */;
			productType = "com.apple.product-type.application";
		};
		AA00000100010001000AA009 /* Embrace Ecommerce Watch */ = {
			isa = PBXNativeTarget;
			buildConfigurationList = AA00000100010001000AA00C /* Build configuration list for PBXNativeTarget "Embrace Ecommerce Watch" */;
			buildPhases = (
				AA00000100010001000AA007 /* Sources */,
				AA00000100010001000AA006 /* Frameworks */,
				AA00000100010001000AA008 /* Resources */,
			);
			buildRules = (
			);
			dependencies = (
			);
			fileSystemSynchronizedGroups = (
				AA00000100010001000AA005 /* Embrace Ecommerce Watch */,
			);
			name = "Embrace Ecommerce Watch";
			packageProductDependencies = (
				AA00000100010001000AA00D /* EmbraceIO */,
				AA00000100010001000AA00E /* EmbraceCrash */,
				AA00000100010001000AA00F /* EmbraceCore */,
			);
			productName = "Embrace Ecommerce Watch";
			productReference = AA00000100010001000AA004 /* Embrace Ecommerce Watch.app */;
			productType = "com.apple.product-type.application";
		};
/* End PBXNativeTarget section */

/* Begin PBXProject section */
		701466EC2E43C509000ECF98 /* Project object */ = {
			isa = PBXProject;
			attributes = {
				BuildIndependentTargetsInParallel = 1;
				LastSwiftUpdateCheck = 2600;
				LastUpgradeCheck = 1640;
				TargetAttributes = {
					5404630E2E7B366500021FF7 = {
						CreatedOnToolsVersion = 26.0;
						TestTargetID = 701466F32E43C509000ECF98;
					};
					701466F32E43C509000ECF98 = {
						CreatedOnToolsVersion = 16.4;
					};
					AA00000100010001000AA009 = {
						CreatedOnToolsVersion = 16.4;
					};
				};
			};
			buildConfigurationList = 701466EF2E43C509000ECF98 /* Build configuration list for PBXProject "Embrace Ecommerce" */;
			developmentRegion = en;
			hasScannedForEncodings = 0;
			knownRegions = (
				en,
				Base,
			);
			mainGroup = 701466EB2E43C509000ECF98;
			minimizedProjectReferenceProxies = 1;
			packageReferences = (
				7014670A2E43D0D6000ECF98 /* XCRemoteSwiftPackageReference "embrace-apple-sdk" */,
				701467152E43D148000ECF98 /* XCRemoteSwiftPackageReference "firebase-ios-sdk" */,
				701467202E43D278000ECF98 /* XCRemoteSwiftPackageReference "mixpanel-swift" */,
				701467232E43D40E000ECF98 /* XCRemoteSwiftPackageReference "stripe-ios" */,
				70DFC7E62E44082700585111 /* XCRemoteSwiftPackageReference "GoogleSignIn-iOS" */,
			);
			preferredProjectObjectVersion = 77;
			productRefGroup = 701466F52E43C509000ECF98 /* Products */;
			projectDirPath = "";
			projectRoot = "";
			targets = (
				701466F32E43C509000ECF98 /* Embrace Ecommerce */,
				AA00000100010001000AA009 /* Embrace Ecommerce Watch */,
				5404630E2E7B366500021FF7 /* Embrace EcommerceUITests */,
			);
		};
/* End PBXProject section */

/* Begin PBXResourcesBuildPhase section */
		5404630D2E7B366500021FF7 /* Resources */ = {
			isa = PBXResourcesBuildPhase;
			buildActionMask = 2147483647;
			files = (
			);
			runOnlyForDeploymentPostprocessing = 0;
		};
		701466F22E43C509000ECF98 /* Resources */ = {
			isa = PBXResourcesBuildPhase;
			buildActionMask = 2147483647;
			files = (
			);
			runOnlyForDeploymentPostprocessing = 0;
		};
		AA00000100010001000AA008 /* Resources */ = {
			isa = PBXResourcesBuildPhase;
			buildActionMask = 2147483647;
			files = (
			);
			runOnlyForDeploymentPostprocessing = 0;
		};
/* End PBXResourcesBuildPhase section */

/* Begin PBXSourcesBuildPhase section */
		5404630B2E7B366500021FF7 /* Sources */ = {
			isa = PBXSourcesBuildPhase;
			buildActionMask = 2147483647;
			files = (
			);
			runOnlyForDeploymentPostprocessing = 0;
		};
		701466F02E43C509000ECF98 /* Sources */ = {
			isa = PBXSourcesBuildPhase;
			buildActionMask = 2147483647;
			files = (
			);
			runOnlyForDeploymentPostprocessing = 0;
		};
		AA00000100010001000AA007 /* Sources */ = {
			isa = PBXSourcesBuildPhase;
			buildActionMask = 2147483647;
			files = (
			);
			runOnlyForDeploymentPostprocessing = 0;
		};
/* End PBXSourcesBuildPhase section */

/* Begin PBXTargetDependency section */
		540463162E7B366500021FF7 /* PBXTargetDependency */ = {
			isa = PBXTargetDependency;
			target = 701466F32E43C509000ECF98 /* Embrace Ecommerce */;
			targetProxy = 540463152E7B366500021FF7 /* PBXContainerItemProxy */;
		};
/* End PBXTargetDependency section */

/* Begin XCBuildConfiguration section */
		540463172E7B366500021FF7 /* Debug */ = {
			isa = XCBuildConfiguration;
			buildSettings = {
				CODE_SIGN_STYLE = Automatic;
				CURRENT_PROJECT_VERSION = 1;
				DEVELOPMENT_TEAM = 7L6ZG648LR;
				GENERATE_INFOPLIST_FILE = YES;
				IPHONEOS_DEPLOYMENT_TARGET = 18.0;
				MARKETING_VERSION = 4.0;
				PRODUCT_BUNDLE_IDENTIFIER = "io.embrace.Embrace-EcommerceUITests";
				PRODUCT_NAME = "$(TARGET_NAME)";
				STRING_CATALOG_GENERATE_SYMBOLS = NO;
				SWIFT_APPROACHABLE_CONCURRENCY = YES;
				SWIFT_EMIT_LOC_STRINGS = NO;
				SWIFT_UPCOMING_FEATURE_MEMBER_IMPORT_VISIBILITY = YES;
				SWIFT_VERSION = 5.0;
				TARGETED_DEVICE_FAMILY = "1,2";
				TEST_TARGET_NAME = "Embrace Ecommerce";
			};
			name = Debug;
		};
		540463182E7B366500021FF7 /* Release */ = {
			isa = XCBuildConfiguration;
			buildSettings = {
				CODE_SIGN_STYLE = Automatic;
				CURRENT_PROJECT_VERSION = 1;
				DEVELOPMENT_TEAM = 7L6ZG648LR;
				GENERATE_INFOPLIST_FILE = YES;
				IPHONEOS_DEPLOYMENT_TARGET = 18.0;
				MARKETING_VERSION = 4.0;
				PRODUCT_BUNDLE_IDENTIFIER = "io.embrace.Embrace-EcommerceUITests";
				PRODUCT_NAME = "$(TARGET_NAME)";
				STRING_CATALOG_GENERATE_SYMBOLS = NO;
				SWIFT_APPROACHABLE_CONCURRENCY = YES;
				SWIFT_EMIT_LOC_STRINGS = NO;
				SWIFT_UPCOMING_FEATURE_MEMBER_IMPORT_VISIBILITY = YES;
				SWIFT_VERSION = 5.0;
				TARGETED_DEVICE_FAMILY = "1,2";
				TEST_TARGET_NAME = "Embrace Ecommerce";
			};
			name = Release;
		};
		701466FD2E43C50A000ECF98 /* Debug */ = {
			isa = XCBuildConfiguration;
			buildSettings = {
				ALWAYS_SEARCH_USER_PATHS = NO;
				ASSETCATALOG_COMPILER_GENERATE_SWIFT_ASSET_SYMBOL_EXTENSIONS = YES;
				CLANG_ANALYZER_NONNULL = YES;
				CLANG_ANALYZER_NUMBER_OBJECT_CONVERSION = YES_AGGRESSIVE;
				CLANG_CXX_LANGUAGE_STANDARD = "gnu++20";
				CLANG_ENABLE_MODULES = YES;
				CLANG_ENABLE_OBJC_ARC = YES;
				CLANG_ENABLE_OBJC_WEAK = YES;
				CLANG_WARN_BLOCK_CAPTURE_AUTORELEASING = YES;
				CLANG_WARN_BOOL_CONVERSION = YES;
				CLANG_WARN_COMMA = YES;
				CLANG_WARN_CONSTANT_CONVERSION = YES;
				CLANG_WARN_DEPRECATED_OBJC_IMPLEMENTATIONS = YES;
				CLANG_WARN_DIRECT_OBJC_ISA_USAGE = YES_ERROR;
				CLANG_WARN_DOCUMENTATION_COMMENTS = YES;
				CLANG_WARN_EMPTY_BODY = YES;
				CLANG_WARN_ENUM_CONVERSION = YES;
				CLANG_WARN_INFINITE_RECURSION = YES;
				CLANG_WARN_INT_CONVERSION = YES;
				CLANG_WARN_NON_LITERAL_NULL_CONVERSION = YES;
				CLANG_WARN_OBJC_IMPLICIT_RETAIN_SELF = YES;
				CLANG_WARN_OBJC_LITERAL_CONVERSION = YES;
				CLANG_WARN_OBJC_ROOT_CLASS = YES_ERROR;
				CLANG_WARN_QUOTED_INCLUDE_IN_FRAMEWORK_HEADER = YES;
				CLANG_WARN_RANGE_LOOP_ANALYSIS = YES;
				CLANG_WARN_STRICT_PROTOTYPES = YES;
				CLANG_WARN_SUSPICIOUS_MOVE = YES;
				CLANG_WARN_UNGUARDED_AVAILABILITY = YES_AGGRESSIVE;
				CLANG_WARN_UNREACHABLE_CODE = YES;
				CLANG_WARN__DUPLICATE_METHOD_MATCH = YES;
				COPY_PHASE_STRIP = NO;
				DEBUG_INFORMATION_FORMAT = dwarf;
				ENABLE_STRICT_OBJC_MSGSEND = YES;
				ENABLE_TESTABILITY = YES;
				ENABLE_USER_SCRIPT_SANDBOXING = YES;
				GCC_C_LANGUAGE_STANDARD = gnu17;
				GCC_DYNAMIC_NO_PIC = NO;
				GCC_NO_COMMON_BLOCKS = YES;
				GCC_OPTIMIZATION_LEVEL = 0;
				GCC_PREPROCESSOR_DEFINITIONS = (
					"DEBUG=1",
					"$(inherited)",
				);
				GCC_WARN_64_TO_32_BIT_CONVERSION = YES;
				GCC_WARN_ABOUT_RETURN_TYPE = YES_ERROR;
				GCC_WARN_UNDECLARED_SELECTOR = YES;
				GCC_WARN_UNINITIALIZED_AUTOS = YES_AGGRESSIVE;
				GCC_WARN_UNUSED_FUNCTION = YES;
				GCC_WARN_UNUSED_VARIABLE = YES;
				IPHONEOS_DEPLOYMENT_TARGET = 18.0;
				LOCALIZATION_PREFERS_STRING_CATALOGS = YES;
				MTL_ENABLE_DEBUG_INFO = INCLUDE_SOURCE;
				MTL_FAST_MATH = YES;
				ONLY_ACTIVE_ARCH = YES;
				SDKROOT = iphoneos;
				SWIFT_ACTIVE_COMPILATION_CONDITIONS = "DEBUG $(inherited)";
				SWIFT_OPTIMIZATION_LEVEL = "-Onone";
			};
			name = Debug;
		};
		701466FE2E43C50A000ECF98 /* Release */ = {
			isa = XCBuildConfiguration;
			buildSettings = {
				ALWAYS_SEARCH_USER_PATHS = NO;
				ASSETCATALOG_COMPILER_GENERATE_SWIFT_ASSET_SYMBOL_EXTENSIONS = YES;
				CLANG_ANALYZER_NONNULL = YES;
				CLANG_ANALYZER_NUMBER_OBJECT_CONVERSION = YES_AGGRESSIVE;
				CLANG_CXX_LANGUAGE_STANDARD = "gnu++20";
				CLANG_ENABLE_MODULES = YES;
				CLANG_ENABLE_OBJC_ARC = YES;
				CLANG_ENABLE_OBJC_WEAK = YES;
				CLANG_WARN_BLOCK_CAPTURE_AUTORELEASING = YES;
				CLANG_WARN_BOOL_CONVERSION = YES;
				CLANG_WARN_COMMA = YES;
				CLANG_WARN_CONSTANT_CONVERSION = YES;
				CLANG_WARN_DEPRECATED_OBJC_IMPLEMENTATIONS = YES;
				CLANG_WARN_DIRECT_OBJC_ISA_USAGE = YES_ERROR;
				CLANG_WARN_DOCUMENTATION_COMMENTS = YES;
				CLANG_WARN_EMPTY_BODY = YES;
				CLANG_WARN_ENUM_CONVERSION = YES;
				CLANG_WARN_INFINITE_RECURSION = YES;
				CLANG_WARN_INT_CONVERSION = YES;
				CLANG_WARN_NON_LITERAL_NULL_CONVERSION = YES;
				CLANG_WARN_OBJC_IMPLICIT_RETAIN_SELF = YES;
				CLANG_WARN_OBJC_LITERAL_CONVERSION = YES;
				CLANG_WARN_OBJC_ROOT_CLASS = YES_ERROR;
				CLANG_WARN_QUOTED_INCLUDE_IN_FRAMEWORK_HEADER = YES;
				CLANG_WARN_RANGE_LOOP_ANALYSIS = YES;
				CLANG_WARN_STRICT_PROTOTYPES = YES;
				CLANG_WARN_SUSPICIOUS_MOVE = YES;
				CLANG_WARN_UNGUARDED_AVAILABILITY = YES_AGGRESSIVE;
				CLANG_WARN_UNREACHABLE_CODE = YES;
				CLANG_WARN__DUPLICATE_METHOD_MATCH = YES;
				COPY_PHASE_STRIP = NO;
				DEBUG_INFORMATION_FORMAT = "dwarf-with-dsym";
				ENABLE_NS_ASSERTIONS = NO;
				ENABLE_STRICT_OBJC_MSGSEND = YES;
				ENABLE_USER_SCRIPT_SANDBOXING = YES;
				GCC_C_LANGUAGE_STANDARD = gnu17;
				GCC_NO_COMMON_BLOCKS = YES;
				GCC_WARN_64_TO_32_BIT_CONVERSION = YES;
				GCC_WARN_ABOUT_RETURN_TYPE = YES_ERROR;
				GCC_WARN_UNDECLARED_SELECTOR = YES;
				GCC_WARN_UNINITIALIZED_AUTOS = YES_AGGRESSIVE;
				GCC_WARN_UNUSED_FUNCTION = YES;
				GCC_WARN_UNUSED_VARIABLE = YES;
				IPHONEOS_DEPLOYMENT_TARGET = 18.0;
				LOCALIZATION_PREFERS_STRING_CATALOGS = YES;
				MTL_ENABLE_DEBUG_INFO = NO;
				MTL_FAST_MATH = YES;
				SDKROOT = iphoneos;
				SWIFT_COMPILATION_MODE = wholemodule;
				VALIDATE_PRODUCT = YES;
			};
			name = Release;
		};
		701467002E43C50A000ECF98 /* Debug */ = {
			isa = XCBuildConfiguration;
			buildSettings = {
				ASSETCATALOG_COMPILER_APPICON_NAME = AppIcon;
				ASSETCATALOG_COMPILER_GLOBAL_ACCENT_COLOR_NAME = AccentColor;
				CODE_SIGN_STYLE = Automatic;
				CURRENT_PROJECT_VERSION = 1;
				DEVELOPMENT_TEAM = L5RVT7J8CV;
				ENABLE_PREVIEWS = YES;
				GENERATE_INFOPLIST_FILE = YES;
				INFOPLIST_FILE = "Embrace-Ecommerce-Info.plist";
				INFOPLIST_KEY_UIApplicationSceneManifest_Generation = YES;
				INFOPLIST_KEY_UIApplicationSupportsIndirectInputEvents = YES;
				INFOPLIST_KEY_UILaunchScreen_Generation = YES;
				INFOPLIST_KEY_UISupportedInterfaceOrientations_iPad = "UIInterfaceOrientationPortrait UIInterfaceOrientationPortraitUpsideDown UIInterfaceOrientationLandscapeLeft UIInterfaceOrientationLandscapeRight";
				INFOPLIST_KEY_UISupportedInterfaceOrientations_iPhone = "UIInterfaceOrientationPortrait UIInterfaceOrientationLandscapeLeft UIInterfaceOrientationLandscapeRight";
				IPHONEOS_DEPLOYMENT_TARGET = 18.0;
				LD_RUNPATH_SEARCH_PATHS = (
					"$(inherited)",
					"@executable_path/Frameworks",
				);
				MARKETING_VERSION = 4.0;
				PRODUCT_BUNDLE_IDENTIFIER = "com.embrace.org.Embrace-Ecommerce";
				PRODUCT_NAME = "$(TARGET_NAME)";
				SWIFT_EMIT_LOC_STRINGS = YES;
				SWIFT_VERSION = 5.0;
				TARGETED_DEVICE_FAMILY = "1,2";
			};
			name = Debug;
		};
		701467012E43C50A000ECF98 /* Release */ = {
			isa = XCBuildConfiguration;
			buildSettings = {
				ASSETCATALOG_COMPILER_APPICON_NAME = AppIcon;
				ASSETCATALOG_COMPILER_GLOBAL_ACCENT_COLOR_NAME = AccentColor;
				CODE_SIGN_STYLE = Automatic;
				CURRENT_PROJECT_VERSION = 1;
				DEVELOPMENT_TEAM = L5RVT7J8CV;
				ENABLE_PREVIEWS = YES;
				GENERATE_INFOPLIST_FILE = YES;
				INFOPLIST_FILE = "Embrace-Ecommerce-Info.plist";
				INFOPLIST_KEY_UIApplicationSceneManifest_Generation = YES;
				INFOPLIST_KEY_UIApplicationSupportsIndirectInputEvents = YES;
				INFOPLIST_KEY_UILaunchScreen_Generation = YES;
				INFOPLIST_KEY_UISupportedInterfaceOrientations_iPad = "UIInterfaceOrientationPortrait UIInterfaceOrientationPortraitUpsideDown UIInterfaceOrientationLandscapeLeft UIInterfaceOrientationLandscapeRight";
				INFOPLIST_KEY_UISupportedInterfaceOrientations_iPhone = "UIInterfaceOrientationPortrait UIInterfaceOrientationLandscapeLeft UIInterfaceOrientationLandscapeRight";
				IPHONEOS_DEPLOYMENT_TARGET = 18.0;
				LD_RUNPATH_SEARCH_PATHS = (
					"$(inherited)",
					"@executable_path/Frameworks",
				);
				MARKETING_VERSION = 4.0;
				PRODUCT_BUNDLE_IDENTIFIER = "com.embrace.org.Embrace-Ecommerce";
				PRODUCT_NAME = "$(TARGET_NAME)";
				SWIFT_EMIT_LOC_STRINGS = YES;
				SWIFT_VERSION = 5.0;
				TARGETED_DEVICE_FAMILY = "1,2";
			};
			name = Release;
		};
		AA00000100010001000AA00A /* Debug */ = {
			isa = XCBuildConfiguration;
			buildSettings = {
				ASSETCATALOG_COMPILER_APPICON_NAME = AppIcon;
				ASSETCATALOG_COMPILER_GLOBAL_ACCENT_COLOR_NAME = AccentColor;
				CODE_SIGN_STYLE = Automatic;
				CURRENT_PROJECT_VERSION = 1;
				DEVELOPMENT_TEAM = L5RVT7J8CV;
				ENABLE_PREVIEWS = YES;
				GENERATE_INFOPLIST_FILE = YES;
				INFOPLIST_KEY_CFBundleDisplayName = "Embrace Watch";
				INFOPLIST_KEY_WKCompanionAppBundleIdentifier = "com.embrace.org.Embrace-Ecommerce";
				LD_RUNPATH_SEARCH_PATHS = (
					"$(inherited)",
					"@executable_path/Frameworks",
				);
				MARKETING_VERSION = 1.0;
				PRODUCT_BUNDLE_IDENTIFIER = "com.embrace.org.Embrace-Ecommerce.watchapp";
				PRODUCT_NAME = "$(TARGET_NAME)";
				SDKROOT = watchos;
				SKIP_INSTALL = YES;
				SWIFT_EMIT_LOC_STRINGS = YES;
				SWIFT_VERSION = 5.0;
				TARGETED_DEVICE_FAMILY = 4;
				WATCHOS_DEPLOYMENT_TARGET = 10.0;
			};
			name = Debug;
		};
		AA00000100010001000AA00B /* Release */ = {
			isa = XCBuildConfiguration;
			buildSettings = {
				ASSETCATALOG_COMPILER_APPICON_NAME = AppIcon;
				ASSETCATALOG_COMPILER_GLOBAL_ACCENT_COLOR_NAME = AccentColor;
				CODE_SIGN_STYLE = Automatic;
				CURRENT_PROJECT_VERSION = 1;
				DEVELOPMENT_TEAM = L5RVT7J8CV;
				ENABLE_PREVIEWS = YES;
				GENERATE_INFOPLIST_FILE = YES;
				INFOPLIST_KEY_CFBundleDisplayName = "Embrace Watch";
				INFOPLIST_KEY_WKCompanionAppBundleIdentifier = "com.embrace.org.Embrace-Ecommerce";
				LD_RUNPATH_SEARCH_PATHS = (
					"$(inherited)",
					"@executable_path/Frameworks",
				);
				MARKETING_VERSION = 1.0;
				PRODUCT_BUNDLE_IDENTIFIER = "com.embrace.org.Embrace-Ecommerce.watchapp";
				PRODUCT_NAME = "$(TARGET_NAME)";
				SDKROOT = watchos;
				SKIP_INSTALL = YES;
				SWIFT_EMIT_LOC_STRINGS = YES;
				SWIFT_VERSION = 5.0;
				TARGETED_DEVICE_FAMILY = 4;
				WATCHOS_DEPLOYMENT_TARGET = 10.0;
			};
			name = Release;
		};
/* End XCBuildConfiguration section */

/* Begin XCConfigurationList section */
		540463192E7B366500021FF7 /* Build configuration list for PBXNativeTarget "Embrace EcommerceUITests" */ = {
			isa = XCConfigurationList;
			buildConfigurations = (
				540463172E7B366500021FF7 /* Debug */,
				540463182E7B366500021FF7 /* Release */,
			);
			defaultConfigurationIsVisible = 0;
			defaultConfigurationName = Release;
		};
		701466EF2E43C509000ECF98 /* Build configuration list for PBXProject "Embrace Ecommerce" */ = {
			isa = XCConfigurationList;
			buildConfigurations = (
				701466FD2E43C50A000ECF98 /* Debug */,
				701466FE2E43C50A000ECF98 /* Release */,
			);
			defaultConfigurationIsVisible = 0;
			defaultConfigurationName = Release;
		};
		701466FF2E43C50A000ECF98 /* Build configuration list for PBXNativeTarget "Embrace Ecommerce" */ = {
			isa = XCConfigurationList;
			buildConfigurations = (
				701467002E43C50A000ECF98 /* Debug */,
				701467012E43C50A000ECF98 /* Release */,
			);
			defaultConfigurationIsVisible = 0;
			defaultConfigurationName = Release;
		};
		AA00000100010001000AA00C /* Build configuration list for PBXNativeTarget "Embrace Ecommerce Watch" */ = {
			isa = XCConfigurationList;
			buildConfigurations = (
				AA00000100010001000AA00A /* Debug */,
				AA00000100010001000AA00B /* Release */,
			);
			defaultConfigurationIsVisible = 0;
			defaultConfigurationName = Release;
		};
/* End XCConfigurationList section */

/* Begin XCRemoteSwiftPackageReference section */
		7014670A2E43D0D6000ECF98 /* XCRemoteSwiftPackageReference "embrace-apple-sdk" */ = {
			isa = XCRemoteSwiftPackageReference;
			repositoryURL = "https://github.com/embrace-io/embrace-apple-sdk/";
			requirement = {
				kind = exactVersion;
				version = 6.17.1;
			};
		};
		701467152E43D148000ECF98 /* XCRemoteSwiftPackageReference "firebase-ios-sdk" */ = {
			isa = XCRemoteSwiftPackageReference;
			repositoryURL = "https://github.com/firebase/firebase-ios-sdk";
			requirement = {
				kind = upToNextMajorVersion;
				minimumVersion = 12.1.0;
			};
		};
		701467202E43D278000ECF98 /* XCRemoteSwiftPackageReference "mixpanel-swift" */ = {
			isa = XCRemoteSwiftPackageReference;
			repositoryURL = "https://github.com/mixpanel/mixpanel-swift";
			requirement = {
				branch = master;
				kind = branch;
			};
		};
		701467232E43D40E000ECF98 /* XCRemoteSwiftPackageReference "stripe-ios" */ = {
			isa = XCRemoteSwiftPackageReference;
			repositoryURL = "https://github.com/stripe/stripe-ios";
			requirement = {
				kind = upToNextMajorVersion;
				minimumVersion = 24.19.0;
			};
		};
		70DFC7E62E44082700585111 /* XCRemoteSwiftPackageReference "GoogleSignIn-iOS" */ = {
			isa = XCRemoteSwiftPackageReference;
			repositoryURL = "https://github.com/google/GoogleSignIn-iOS";
			requirement = {
				kind = upToNextMajorVersion;
				minimumVersion = 9.0.0;
			};
		};
/* End XCRemoteSwiftPackageReference section */

/* Begin XCSwiftPackageProductDependency section */
		7014670B2E43D0D6000ECF98 /* EmbraceCore */ = {
			isa = XCSwiftPackageProductDependency;
			package = 7014670A2E43D0D6000ECF98 /* XCRemoteSwiftPackageReference "embrace-apple-sdk" */;
			productName = EmbraceCore;
		};
		7014670D2E43D0D6000ECF98 /* EmbraceCrash */ = {
			isa = XCSwiftPackageProductDependency;
			package = 7014670A2E43D0D6000ECF98 /* XCRemoteSwiftPackageReference "embrace-apple-sdk" */;
			productName = EmbraceCrash;
		};
		7014670F2E43D0D6000ECF98 /* EmbraceCrashlyticsSupport */ = {
			isa = XCSwiftPackageProductDependency;
			package = 7014670A2E43D0D6000ECF98 /* XCRemoteSwiftPackageReference "embrace-apple-sdk" */;
			productName = EmbraceCrashlyticsSupport;
		};
		701467112E43D0D6000ECF98 /* EmbraceIO */ = {
			isa = XCSwiftPackageProductDependency;
			package = 7014670A2E43D0D6000ECF98 /* XCRemoteSwiftPackageReference "embrace-apple-sdk" */;
			productName = EmbraceIO;
		};
		701467132E43D0D6000ECF98 /* EmbraceMacros */ = {
			isa = XCSwiftPackageProductDependency;
			package = 7014670A2E43D0D6000ECF98 /* XCRemoteSwiftPackageReference "embrace-apple-sdk" */;
			productName = EmbraceMacros;
		};
		701467162E43D148000ECF98 /* FirebaseAI */ = {
			isa = XCSwiftPackageProductDependency;
			package = 701467152E43D148000ECF98 /* XCRemoteSwiftPackageReference "firebase-ios-sdk" */;
			productName = FirebaseAI;
		};
		701467182E43D148000ECF98 /* FirebaseAnalytics */ = {
			isa = XCSwiftPackageProductDependency;
			package = 701467152E43D148000ECF98 /* XCRemoteSwiftPackageReference "firebase-ios-sdk" */;
			productName = FirebaseAnalytics;
		};
		7014671A2E43D148000ECF98 /* FirebaseAnalyticsCore */ = {
			isa = XCSwiftPackageProductDependency;
			package = 701467152E43D148000ECF98 /* XCRemoteSwiftPackageReference "firebase-ios-sdk" */;
			productName = FirebaseAnalyticsCore;
		};
		7014671C2E43D148000ECF98 /* FirebaseAnalyticsIdentitySupport */ = {
			isa = XCSwiftPackageProductDependency;
			package = 701467152E43D148000ECF98 /* XCRemoteSwiftPackageReference "firebase-ios-sdk" */;
			productName = FirebaseAnalyticsIdentitySupport;
		};
		7014671E2E43D148000ECF98 /* FirebaseAppCheck */ = {
			isa = XCSwiftPackageProductDependency;
			package = 701467152E43D148000ECF98 /* XCRemoteSwiftPackageReference "firebase-ios-sdk" */;
			productName = FirebaseAppCheck;
		};
		701467212E43D278000ECF98 /* Mixpanel */ = {
			isa = XCSwiftPackageProductDependency;
			package = 701467202E43D278000ECF98 /* XCRemoteSwiftPackageReference "mixpanel-swift" */;
			productName = Mixpanel;
		};
		701467242E43D40E000ECF98 /* Stripe */ = {
			isa = XCSwiftPackageProductDependency;
			package = 701467232E43D40E000ECF98 /* XCRemoteSwiftPackageReference "stripe-ios" */;
			productName = Stripe;
		};
		70DFC7E72E44082700585111 /* GoogleSignIn */ = {
			isa = XCSwiftPackageProductDependency;
			package = 70DFC7E62E44082700585111 /* XCRemoteSwiftPackageReference "GoogleSignIn-iOS" */;
			productName = GoogleSignIn;
		};
		70DFC7E92E44082700585111 /* GoogleSignInSwift */ = {
			isa = XCSwiftPackageProductDependency;
			package = 70DFC7E62E44082700585111 /* XCRemoteSwiftPackageReference "GoogleSignIn-iOS" */;
			productName = GoogleSignInSwift;
		};
		AA00000100010001000AA00D /* EmbraceIO */ = {
			isa = XCSwiftPackageProductDependency;
			package = 7014670A2E43D0D6000ECF98 /* XCRemoteSwiftPackageReference "embrace-apple-sdk" */;
			productName = EmbraceIO;
		};
		AA00000100010001000AA00E /* EmbraceCrash */ = {
			isa = XCSwiftPackageProductDependency;
			package = 7014670A2E43D0D6000ECF98 /* XCRemoteSwiftPackageReference "embrace-apple-sdk" */;
			productName = EmbraceCrash;
		};
		AA00000100010001000AA00F /* EmbraceCore */ = {
			isa = XCSwiftPackageProductDependency;
			package = 7014670A2E43D0D6000ECF98 /* XCRemoteSwiftPackageReference "embrace-apple-sdk" */;
			productName = EmbraceCore;
		};
/* End XCSwiftPackageProductDependency section */
	};
	rootObject = 701466EC2E43C509000ECF98 /* Project object */;
}
